
Microsoft Visual Studio Solution File, Format Version 12.00
# Visual Studio Version 17
VisualStudioVersion = 17.7.34031.279
MinimumVisualStudioVersion = 10.0.40219.1
Project("{FAE04EC0-301F-11D3-BF4B-00C04F79EFBC}") = "Problema01_Sem13", "Problema01_Sem13.csproj", "{4A6C943A-D7BF-4F1A-B79A-7ECDE2932F73}"
EndProject
Global
	GlobalSection(SolutionConfigurationPlatforms) = preSolution
		Debug|Any CPU = Debug|Any CPU
		Release|Any CPU = Release|Any CPU
	EndGlobalSection
	GlobalSection(ProjectConfigurationPlatforms) = postSolution
		{4A6C943A-D7BF-4F1A-B79A-7ECDE2932F73}.Debug|Any CPU.ActiveCfg = Debug|Any CPU
		{4A6C943A-D7BF-4F1A-B79A-7ECDE2932F73}.Debug|Any CPU.Build.0 = Debug|Any CPU
		{4A6C943A-D7BF-4F1A-B79A-7ECDE2932F73}.Release|Any CPU.ActiveCfg = Release|Any CPU
		{4A6C943A-D7BF-4F1A-B79A-7ECDE2932F73}.Release|Any CPU.Build.0 = Release|Any CPU
	EndGlobalSection
	GlobalSection(SolutionProperties) = preSolution
		HideSolutionNode = FALSE
	EndGlobalSection
	GlobalSection(ExtensibilityGlobals) = postSolution
		SolutionGuid = {D4EB868C-582D-47B7-AA12-497CFEEED673}
	EndGlobalSection
EndGlobal
